
Microsoft Visual Studio Solution File, Format Version 12.00
# Visual Studio Version 16
VisualStudioVersion = 16.0.33529.622
MinimumVisualStudioVersion = 10.0.40219.1
Project("{9A19103F-16F7-4668-BE54-9A1E7A4F7556}") = "C-SharpFundamentals1", "C-SharpFundamentals1\C-SharpFundamentals1.csproj", "{0F7624B1-4F11-4005-A839-07B45319F993}"
EndProject
Project("{9A19103F-16F7-4668-BE54-9A1E7A4F7556}") = "IntroToMethods", "IntroToMethods\IntroToMethods.csproj", "{D4D104EF-814A-462B-8707-C65BEC91673D}"
EndProject
Project("{9A19103F-16F7-4668-BE54-9A1E7A4F7556}") = "ClassConstructorMethods", "ClassConstructorMethods\ClassConstructorMethods.csproj", "{AAAAFDC8-CF25-4C56-B5B2-B0E1368BDCE3}"
EndProject
Project("{2150E333-8FDC-42A3-9474-1A3956D46DE8}") = "Variables, Arrays and Operators", "Variables, Arrays and Operators", "{D41B33E9-0EA3-40B0-80A8-45A398AC957D}"
EndProject
Project("{9A19103F-16F7-4668-BE54-9A1E7A4F7556}") = "IntroToVariables", "IntroToVariables\IntroToVariables.csproj", "{1F387DE0-FEFC-4D70-A236-40FDF54DA54F}"
EndProject
Project("{9A19103F-16F7-4668-BE54-9A1E7A4F7556}") = "OperatorsExpressionsStatements", "OperatorsExpressionsStatements\OperatorsExpressionsStatements.csproj", "{4726B2DA-AB65-4A9F-98D1-D52196DBCDDE}"
EndProject
Project("{9A19103F-16F7-4668-BE54-9A1E7A4F7556}") = "introToArrays", "introToArrays\introToArrays.csproj", "{B84CD99E-EFE0-475C-9E6F-5C31F4B123AE}"
EndProject
Project("{9A19103F-16F7-4668-BE54-9A1E7A4F7556}") = "IntroToDataTypes", "IntroToDataTypes\IntroToDataTypes.csproj", "{58772D63-BBC0-45A7-9D9C-963E02C743F7}"
EndProject
Project("{9A19103F-16F7-4668-BE54-9A1E7A4F7556}") = "IntroToMathOperators", "IntroToMathOperators\IntroToMathOperators.csproj", "{CCA84501-7EDB-4814-A751-2C38556B5F33}"
EndProject
Project("{9A19103F-16F7-4668-BE54-9A1E7A4F7556}") = "HelloWorld", "HelloWorld\HelloWorld.csproj", "{F850A1AB-EBED-4ED0-9FAE-E846A229C355}"
EndProject
Project("{9A19103F-16F7-4668-BE54-9A1E7A4F7556}") = "WorkingWithStrings", "WorkingWithStrings\WorkingWithStrings.csproj", "{FF9AA22D-02F3-438F-AF6C-34B30A04E33A}"
EndProject
Project("{9A19103F-16F7-4668-BE54-9A1E7A4F7556}") = "Decisions", "Decisions\Decisions.csproj", "{CDB52E2E-1DE7-4CFE-8566-3694F1FE17EA}"
EndProject
Project("{9A19103F-16F7-4668-BE54-9A1E7A4F7556}") = "introToLists", "introToLists\introToLists.csproj", "{60FE931F-9DEC-414D-8E9A-C9E2EEBE24E6}"
EndProject
Project("{9A19103F-16F7-4668-BE54-9A1E7A4F7556}") = "introToQueues", "introToQueues\introToQueues.csproj", "{BA8DFC89-D769-4489-8382-7471233C01AC}"
EndProject
Project("{9A19103F-16F7-4668-BE54-9A1E7A4F7556}") = "intoToSacks", "intoToSacks\intoToSacks.csproj", "{48BC273F-3149-4599-A86E-9A27C46CDEF8}"
EndProject
Project("{9A19103F-16F7-4668-BE54-9A1E7A4F7556}") = "introToLinkedList", "introToLinkedList\introToLinkedList.csproj", "{258D4A74-08FD-4E85-ADDC-5C0D83A538C5}"
EndProject
Project("{9A19103F-16F7-4668-BE54-9A1E7A4F7556}") = "Exercise1", "Exercise1\Exercise1.csproj", "{1D4A1528-39B1-44AF-A047-9A257ED5C6A7}"
EndProject
Project("{9A19103F-16F7-4668-BE54-9A1E7A4F7556}") = "introToIf-ElseStatements", "introToIf-ElseStatements\introToIf-ElseStatements.csproj", "{E87C0A01-712A-4DD2-B561-500B7943E328}"
EndProject
Project("{9A19103F-16F7-4668-BE54-9A1E7A4F7556}") = "introToSwitchStatements", "introToSwitchStatements\introToSwitchStatements.csproj", "{0BA1CAFC-44BA-4D15-9CDE-C306F7E45CE4}"
EndProject
Project("{9A19103F-16F7-4668-BE54-9A1E7A4F7556}") = "introToWhileAndDoWhileLoops", "introToWhileAndDoWhileLoops\introToWhileAndDoWhileLoops.csproj", "{E0D4E0FD-7176-4867-88EC-964287C9F9D9}"
EndProject
Project("{9A19103F-16F7-4668-BE54-9A1E7A4F7556}") = "introToForAndForeachLoops", "introToForAndForeachLoops\introToForAndForeachLoops.csproj", "{58252C37-8766-4249-9940-142BCE3C7BE9}"
EndProject
Project("{9A19103F-16F7-4668-BE54-9A1E7A4F7556}") = "TryCatchFinallyStatements", "TryCatchFinallyStatements\TryCatchFinallyStatements.csproj", "{AFD3D3F2-6460-44F1-8D1E-C748DAE612F8}"
EndProject
Project("{FAE04EC0-301F-11D3-BF4B-00C04F79EFBC}") = "introToRecursion", "introToRecursion\introToRecursion.csproj", "{1C09A874-E3B5-4DDF-87EC-A4201EFE9C5E}"
EndProject
Project("{FAE04EC0-301F-11D3-BF4B-00C04F79EFBC}") = "introToExceptionHandling", "introToExceptionHandling\introToExceptionHandling.csproj", "{B57974F1-7DA3-432C-9CE5-49617F73BC47}"
EndProject
Project("{FAE04EC0-301F-11D3-BF4B-00C04F79EFBC}") = "captureUserInput", "captureUserInput\captureUserInput.csproj", "{10FA34DB-7203-4781-A7AB-551D8DCE3A15}"
EndProject
Global
	GlobalSection(SolutionConfigurationPlatforms) = preSolution
		Debug|Any CPU = Debug|Any CPU
		Release|Any CPU = Release|Any CPU
	EndGlobalSection
	GlobalSection(ProjectConfigurationPlatforms) = postSolution
		{0F7624B1-4F11-4005-A839-07B45319F993}.Debug|Any CPU.ActiveCfg = Debug|Any CPU
		{0F7624B1-4F11-4005-A839-07B45319F993}.Debug|Any CPU.Build.0 = Debug|Any CPU
		{0F7624B1-4F11-4005-A839-07B45319F993}.Release|Any CPU.ActiveCfg = Release|Any CPU
		{0F7624B1-4F11-4005-A839-07B45319F993}.Release|Any CPU.Build.0 = Release|Any CPU
		{D4D104EF-814A-462B-8707-C65BEC91673D}.Debug|Any CPU.ActiveCfg = Debug|Any CPU
		{D4D104EF-814A-462B-8707-C65BEC91673D}.Debug|Any CPU.Build.0 = Debug|Any CPU
		{D4D104EF-814A-462B-8707-C65BEC91673D}.Release|Any CPU.ActiveCfg = Release|Any CPU
		{D4D104EF-814A-462B-8707-C65BEC91673D}.Release|Any CPU.Build.0 = Release|Any CPU
		{AAAAFDC8-CF25-4C56-B5B2-B0E1368BDCE3}.Debug|Any CPU.ActiveCfg = Debug|Any CPU
		{AAAAFDC8-CF25-4C56-B5B2-B0E1368BDCE3}.Debug|Any CPU.Build.0 = Debug|Any CPU
		{AAAAFDC8-CF25-4C56-B5B2-B0E1368BDCE3}.Release|Any CPU.ActiveCfg = Release|Any CPU
		{AAAAFDC8-CF25-4C56-B5B2-B0E1368BDCE3}.Release|Any CPU.Build.0 = Release|Any CPU
		{1F387DE0-FEFC-4D70-A236-40FDF54DA54F}.Debug|Any CPU.ActiveCfg = Debug|Any CPU
		{1F387DE0-FEFC-4D70-A236-40FDF54DA54F}.Debug|Any CPU.Build.0 = Debug|Any CPU
		{1F387DE0-FEFC-4D70-A236-40FDF54DA54F}.Release|Any CPU.ActiveCfg = Release|Any CPU
		{1F387DE0-FEFC-4D70-A236-40FDF54DA54F}.Release|Any CPU.Build.0 = Release|Any CPU
		{4726B2DA-AB65-4A9F-98D1-D52196DBCDDE}.Debug|Any CPU.ActiveCfg = Debug|Any CPU
		{4726B2DA-AB65-4A9F-98D1-D52196DBCDDE}.Debug|Any CPU.Build.0 = Debug|Any CPU
		{4726B2DA-AB65-4A9F-98D1-D52196DBCDDE}.Release|Any CPU.ActiveCfg = Release|Any CPU
		{4726B2DA-AB65-4A9F-98D1-D52196DBCDDE}.Release|Any CPU.Build.0 = Release|Any CPU
		{B84CD99E-EFE0-475C-9E6F-5C31F4B123AE}.Debug|Any CPU.ActiveCfg = Debug|Any CPU
		{B84CD99E-EFE0-475C-9E6F-5C31F4B123AE}.Debug|Any CPU.Build.0 = Debug|Any CPU
		{B84CD99E-EFE0-475C-9E6F-5C31F4B123AE}.Release|Any CPU.ActiveCfg = Release|Any CPU
		{B84CD99E-EFE0-475C-9E6F-5C31F4B123AE}.Release|Any CPU.Build.0 = Release|Any CPU
		{58772D63-BBC0-45A7-9D9C-963E02C743F7}.Debug|Any CPU.ActiveCfg = Debug|Any CPU
		{58772D63-BBC0-45A7-9D9C-963E02C743F7}.Debug|Any CPU.Build.0 = Debug|Any CPU
		{58772D63-BBC0-45A7-9D9C-963E02C743F7}.Release|Any CPU.ActiveCfg = Release|Any CPU
		{58772D63-BBC0-45A7-9D9C-963E02C743F7}.Release|Any CPU.Build.0 = Release|Any CPU
		{CCA84501-7EDB-4814-A751-2C38556B5F33}.Debug|Any CPU.ActiveCfg = Debug|Any CPU
		{CCA84501-7EDB-4814-A751-2C38556B5F33}.Debug|Any CPU.Build.0 = Debug|Any CPU
		{CCA84501-7EDB-4814-A751-2C38556B5F33}.Release|Any CPU.ActiveCfg = Release|Any CPU
		{CCA84501-7EDB-4814-A751-2C38556B5F33}.Release|Any CPU.Build.0 = Release|Any CPU
		{F850A1AB-EBED-4ED0-9FAE-E846A229C355}.Debug|Any CPU.ActiveCfg = Debug|Any CPU
		{F850A1AB-EBED-4ED0-9FAE-E846A229C355}.Debug|Any CPU.Build.0 = Debug|Any CPU
		{F850A1AB-EBED-4ED0-9FAE-E846A229C355}.Release|Any CPU.ActiveCfg = Release|Any CPU
		{F850A1AB-EBED-4ED0-9FAE-E846A229C355}.Release|Any CPU.Build.0 = Release|Any CPU
		{FF9AA22D-02F3-438F-AF6C-34B30A04E33A}.Debug|Any CPU.ActiveCfg = Debug|Any CPU
		{FF9AA22D-02F3-438F-AF6C-34B30A04E33A}.Debug|Any CPU.Build.0 = Debug|Any CPU
		{FF9AA22D-02F3-438F-AF6C-34B30A04E33A}.Release|Any CPU.ActiveCfg = Release|Any CPU
		{FF9AA22D-02F3-438F-AF6C-34B30A04E33A}.Release|Any CPU.Build.0 = Release|Any CPU
		{CDB52E2E-1DE7-4CFE-8566-3694F1FE17EA}.Debug|Any CPU.ActiveCfg = Debug|Any CPU
		{CDB52E2E-1DE7-4CFE-8566-3694F1FE17EA}.Debug|Any CPU.Build.0 = Debug|Any CPU
		{CDB52E2E-1DE7-4CFE-8566-3694F1FE17EA}.Release|Any CPU.ActiveCfg = Release|Any CPU
		{CDB52E2E-1DE7-4CFE-8566-3694F1FE17EA}.Release|Any CPU.Build.0 = Release|Any CPU
		{60FE931F-9DEC-414D-8E9A-C9E2EEBE24E6}.Debug|Any CPU.ActiveCfg = Debug|Any CPU
		{60FE931F-9DEC-414D-8E9A-C9E2EEBE24E6}.Debug|Any CPU.Build.0 = Debug|Any CPU
		{60FE931F-9DEC-414D-8E9A-C9E2EEBE24E6}.Release|Any CPU.ActiveCfg = Release|Any CPU
		{60FE931F-9DEC-414D-8E9A-C9E2EEBE24E6}.Release|Any CPU.Build.0 = Release|Any CPU
		{BA8DFC89-D769-4489-8382-7471233C01AC}.Debug|Any CPU.ActiveCfg = Debug|Any CPU
		{BA8DFC89-D769-4489-8382-7471233C01AC}.Debug|Any CPU.Build.0 = Debug|Any CPU
		{BA8DFC89-D769-4489-8382-7471233C01AC}.Release|Any CPU.ActiveCfg = Release|Any CPU
		{BA8DFC89-D769-4489-8382-7471233C01AC}.Release|Any CPU.Build.0 = Release|Any CPU
		{48BC273F-3149-4599-A86E-9A27C46CDEF8}.Debug|Any CPU.ActiveCfg = Debug|Any CPU
		{48BC273F-3149-4599-A86E-9A27C46CDEF8}.Debug|Any CPU.Build.0 = Debug|Any CPU
		{48BC273F-3149-4599-A86E-9A27C46CDEF8}.Release|Any CPU.ActiveCfg = Release|Any CPU
		{48BC273F-3149-4599-A86E-9A27C46CDEF8}.Release|Any CPU.Build.0 = Release|Any CPU
		{258D4A74-08FD-4E85-ADDC-5C0D83A538C5}.Debug|Any CPU.ActiveCfg = Debug|Any CPU
		{258D4A74-08FD-4E85-ADDC-5C0D83A538C5}.Debug|Any CPU.Build.0 = Debug|Any CPU
		{258D4A74-08FD-4E85-ADDC-5C0D83A538C5}.Release|Any CPU.ActiveCfg = Release|Any CPU
		{258D4A74-08FD-4E85-ADDC-5C0D83A538C5}.Release|Any CPU.Build.0 = Release|Any CPU
		{1D4A1528-39B1-44AF-A047-9A257ED5C6A7}.Debug|Any CPU.ActiveCfg = Debug|Any CPU
		{1D4A1528-39B1-44AF-A047-9A257ED5C6A7}.Debug|Any CPU.Build.0 = Debug|Any CPU
		{1D4A1528-39B1-44AF-A047-9A257ED5C6A7}.Release|Any CPU.ActiveCfg = Release|Any CPU
		{1D4A1528-39B1-44AF-A047-9A257ED5C6A7}.Release|Any CPU.Build.0 = Release|Any CPU
		{E87C0A01-712A-4DD2-B561-500B7943E328}.Debug|Any CPU.ActiveCfg = Debug|Any CPU
		{E87C0A01-712A-4DD2-B561-500B7943E328}.Debug|Any CPU.Build.0 = Debug|Any CPU
		{E87C0A01-712A-4DD2-B561-500B7943E328}.Release|Any CPU.ActiveCfg = Release|Any CPU
		{E87C0A01-712A-4DD2-B561-500B7943E328}.Release|Any CPU.Build.0 = Release|Any CPU
		{0BA1CAFC-44BA-4D15-9CDE-C306F7E45CE4}.Debug|Any CPU.ActiveCfg = Debug|Any CPU
		{0BA1CAFC-44BA-4D15-9CDE-C306F7E45CE4}.Debug|Any CPU.Build.0 = Debug|Any CPU
		{0BA1CAFC-44BA-4D15-9CDE-C306F7E45CE4}.Release|Any CPU.ActiveCfg = Release|Any CPU
		{0BA1CAFC-44BA-4D15-9CDE-C306F7E45CE4}.Release|Any CPU.Build.0 = Release|Any CPU
		{E0D4E0FD-7176-4867-88EC-964287C9F9D9}.Debug|Any CPU.ActiveCfg = Debug|Any CPU
		{E0D4E0FD-7176-4867-88EC-964287C9F9D9}.Debug|Any CPU.Build.0 = Debug|Any CPU
		{E0D4E0FD-7176-4867-88EC-964287C9F9D9}.Release|Any CPU.ActiveCfg = Release|Any CPU
		{E0D4E0FD-7176-4867-88EC-964287C9F9D9}.Release|Any CPU.Build.0 = Release|Any CPU
		{58252C37-8766-4249-9940-142BCE3C7BE9}.Debug|Any CPU.ActiveCfg = Debug|Any CPU
		{58252C37-8766-4249-9940-142BCE3C7BE9}.Debug|Any CPU.Build.0 = Debug|Any CPU
		{58252C37-8766-4249-9940-142BCE3C7BE9}.Release|Any CPU.ActiveCfg = Release|Any CPU
		{58252C37-8766-4249-9940-142BCE3C7BE9}.Release|Any CPU.Build.0 = Release|Any CPU
		{AFD3D3F2-6460-44F1-8D1E-C748DAE612F8}.Debug|Any CPU.ActiveCfg = Debug|Any CPU
		{AFD3D3F2-6460-44F1-8D1E-C748DAE612F8}.Debug|Any CPU.Build.0 = Debug|Any CPU
		{AFD3D3F2-6460-44F1-8D1E-C748DAE612F8}.Release|Any CPU.ActiveCfg = Release|Any CPU
		{AFD3D3F2-6460-44F1-8D1E-C748DAE612F8}.Release|Any CPU.Build.0 = Release|Any CPU
		{1C09A874-E3B5-4DDF-87EC-A4201EFE9C5E}.Debug|Any CPU.ActiveCfg = Debug|Any CPU
		{1C09A874-E3B5-4DDF-87EC-A4201EFE9C5E}.Debug|Any CPU.Build.0 = Debug|Any CPU
		{1C09A874-E3B5-4DDF-87EC-A4201EFE9C5E}.Release|Any CPU.ActiveCfg = Release|Any CPU
		{1C09A874-E3B5-4DDF-87EC-A4201EFE9C5E}.Release|Any CPU.Build.0 = Release|Any CPU
		{B57974F1-7DA3-432C-9CE5-49617F73BC47}.Debug|Any CPU.ActiveCfg = Debug|Any CPU
		{B57974F1-7DA3-432C-9CE5-49617F73BC47}.Debug|Any CPU.Build.0 = Debug|Any CPU
		{B57974F1-7DA3-432C-9CE5-49617F73BC47}.Release|Any CPU.ActiveCfg = Release|Any CPU
		{B57974F1-7DA3-432C-9CE5-49617F73BC47}.Release|Any CPU.Build.0 = Release|Any CPU
		{10FA34DB-7203-4781-A7AB-551D8DCE3A15}.Debug|Any CPU.ActiveCfg = Debug|Any CPU
		{10FA34DB-7203-4781-A7AB-551D8DCE3A15}.Debug|Any CPU.Build.0 = Debug|Any CPU
		{10FA34DB-7203-4781-A7AB-551D8DCE3A15}.Release|Any CPU.ActiveCfg = Release|Any CPU
		{10FA34DB-7203-4781-A7AB-551D8DCE3A15}.Release|Any CPU.Build.0 = Release|Any CPU
	EndGlobalSection
	GlobalSection(SolutionProperties) = preSolution
		HideSolutionNode = FALSE
	EndGlobalSection
	GlobalSection(NestedProjects) = preSolution
		{1F387DE0-FEFC-4D70-A236-40FDF54DA54F} = {D41B33E9-0EA3-40B0-80A8-45A398AC957D}
		{4726B2DA-AB65-4A9F-98D1-D52196DBCDDE} = {D41B33E9-0EA3-40B0-80A8-45A398AC957D}
		{B84CD99E-EFE0-475C-9E6F-5C31F4B123AE} = {D41B33E9-0EA3-40B0-80A8-45A398AC957D}
		{58772D63-BBC0-45A7-9D9C-963E02C743F7} = {D41B33E9-0EA3-40B0-80A8-45A398AC957D}
		{CCA84501-7EDB-4814-A751-2C38556B5F33} = {D41B33E9-0EA3-40B0-80A8-45A398AC957D}
	EndGlobalSection
	GlobalSection(ExtensibilityGlobals) = postSolution
		SolutionGuid = {CBC46383-58E4-4BEC-8485-7A3CC744C335}
	EndGlobalSection
EndGlobal
